// !$*UTF8*$!
{
	archiveVersion = 1;
	classes = {
	};
	objectVersion = 46;
	objects = {

/* Begin PBXBuildFile section */
		20ABBD861B9554A20061EB13 /* hybird.h in CopyFiles */ = {isa = PBXBuildFile; fileRef = 20ABBD851B9554A20061EB13 /* hybird.h */; };
		20ABBD881B9554A20061EB13 /* hybird.m in Sources */ = {isa = PBXBuildFile; fileRef = 20ABBD871B9554A20061EB13 /* hybird.m */; };
		20ABBD8E1B9554A30061EB13 /* libhybird.a in Frameworks */ = {isa = PBXBuildFile; fileRef = 20ABBD821B9554A20061EB13 /* libhybird.a */; };
/* End PBXBuildFile section */

/* Begin PBXContainerItemProxy section */
		20ABBD8F1B9554A30061EB13 /* PBXContainerItemProxy */ = {
			isa = PBXContainerItemProxy;
			containerPortal = 20ABBD7A1B9554A20061EB13 /* Project object */;
			proxyType = 1;
			remoteGlobalIDString = 20ABBD811B9554A20061EB13;
			remoteInfo = hybird;
		};
/* End PBXContainerItemProxy section */

/* Begin PBXCopyFilesBuildPhase section */
		20ABBD801B9554A20061EB13 /* CopyFiles */ = {
			isa = PBXCopyFilesBuildPhase;
			buildActionMask = 2147483647;
			dstPath = "include/$(PRODUCT_NAME)";
			dstSubfolderSpec = 16;
			files = (
				20ABBD861B9554A20061EB13 /* hybird.h in CopyFiles */,
			);
			runOnlyForDeploymentPostprocessing = 0;
		};
/* End PBXCopyFilesBuildPhase section */

/* Begin PBXFileReference section */
		20ABBD821B9554A20061EB13 /* libhybird.a */ = {isa = PBXFileReference; explicitFileType = archive.ar; includeInIndex = 0; path = libhybird.a; sourceTree = BUILT_PRODUCTS_DIR; };
		20ABBD851B9554A20061EB13 /* hybird.h */ = {isa = PBXFileReference; lastKnownFileType = sourcecode.c.h; path = hybird.h; sourceTree = "<group>"; };
		20ABBD871B9554A20061EB13 /* hybird.m */ = {isa = PBXFileReference; lastKnownFileType = sourcecode.c.objc; path = hybird.m; sourceTree = "<group>"; };
		20ABBD8D1B9554A30061EB13 /* hybirdTests.xctest */ = {isa = PBXFileReference; explicitFileType = wrapper.cfbundle; includeInIndex = 0; path = hybirdTests.xctest; sourceTree = BUILT_PRODUCTS_DIR; };
		20ABBD931B9554A30061EB13 /* Info.plist */ = {isa = PBXFileReference; lastKnownFileType = text.plist.xml; path = Info.plist; sourceTree = "<group>"; };
/* End PBXFileReference section */

/* Begin PBXFrameworksBuildPhase section */
		20ABBD7F1B9554A20061EB13 /* Frameworks */ = {
			isa = PBXFrameworksBuildPhase;
			buildActionMask = 2147483647;
			files = (
			);
			runOnlyForDeploymentPostprocessing = 0;
		};
		20ABBD8A1B9554A30061EB13 /* Frameworks */ = {
			isa = PBXFrameworksBuildPhase;
			buildActionMask = 2147483647;
			files = (
				20ABBD8E1B9554A30061EB13 /* libhybird.a in Frameworks */,
			);
			runOnlyForDeploymentPostprocessing = 0;
		};
/* End PBXFrameworksBuildPhase section */

/* Begin PBXGroup section */
		20ABBD791B9554A20061EB13 = {
			isa = PBXGroup;
			children = (
				20ABBD841B9554A20061EB13 /* hybird */,
				20ABBD911B9554A30061EB13 /* hybirdTests */,
				20ABBD831B9554A20061EB13 /* Products */,
			);
			sourceTree = "<group>";
		};
		20ABBD831B9554A20061EB13 /* Products */ = {
			isa = PBXGroup;
			children = (
				20ABBD821B9554A20061EB13 /* libhybird.a */,
				20ABBD8D1B9554A30061EB13 /* hybirdTests.xctest */,
			);
			name = Products;
			sourceTree = "<group>";
		};
		20ABBD841B9554A20061EB13 /* hybird */ = {
			isa = PBXGroup;
			children = (
				20ABBD851B9554A20061EB13 /* hybird.h */,
				20ABBD871B9554A20061EB13 /* hybird.m */,
			);
			path = hybird;
			sourceTree = "<group>";
		};
		20ABBD911B9554A30061EB13 /* hybirdTests */ = {
			isa = PBXGroup;
			children = (
				20ABBD921B9554A30061EB13 /* Supporting Files */,
			);
			path = hybirdTests;
			sourceTree = "<group>";
		};
		20ABBD921B9554A30061EB13 /* Supporting Files */ = {
			isa = PBXGroup;
			children = (
				20ABBD931B9554A30061EB13 /* Info.plist */,
			);
			name = "Supporting Files";
			sourceTree = "<group>";
		};
/* End PBXGroup section */

/* Begin PBXNativeTarget section */
		20ABBD811B9554A20061EB13 /* hybird */ = {
			isa = PBXNativeTarget;
			buildConfigurationList = 20ABBD961B9554A30061EB13 /* Build configuration list for PBXNativeTarget "hybird" */;
			buildPhases = (
				20ABBD7E1B9554A20061EB13 /* Sources */,
				20ABBD7F1B9554A20061EB13 /* Frameworks */,
				20ABBD801B9554A20061EB13 /* CopyFiles */,
			);
			buildRules = (
			);
			dependencies = (
			);
			name = hybird;
			productName = hybird;
			productReference = 20ABBD821B9554A20061EB13 /* libhybird.a */;
			productType = "com.apple.product-type.library.static";
		};
		20ABBD8C1B9554A30061EB13 /* hybirdTests */ = {
			isa = PBXNativeTarget;
			buildConfigurationList = 20ABBD991B9554A30061EB13 /* Build configuration list for PBXNativeTarget "hybirdTests" */;
			buildPhases = (
				20ABBD891B9554A30061EB13 /* Sources */,
				20ABBD8A1B9554A30061EB13 /* Frameworks */,
				20ABBD8B1B9554A30061EB13 /* Resources */,
			);
			buildRules = (
			);
			dependencies = (
				20ABBD901B9554A30061EB13 /* PBXTargetDependency */,
			);
			name = hybirdTests;
			productName = hybirdTests;
			productReference = 20ABBD8D1B9554A30061EB13 /* hybirdTests.xctest */;
			productType = "com.apple.product-type.bundle.unit-test";
		};
/* End PBXNativeTarget section */

/* Begin PBXProject section */
		20ABBD7A1B9554A20061EB13 /* Project object */ = {
			isa = PBXProject;
			attributes = {
				LastUpgradeCheck = 0630;
				ORGANIZATIONNAME = Elephant;
				TargetAttributes = {
					20ABBD811B9554A20061EB13 = {
						CreatedOnToolsVersion = 6.3;
					};
					20ABBD8C1B9554A30061EB13 = {
						CreatedOnToolsVersion = 6.3;
					};
				};
			};
			buildConfigurationList = 20ABBD7D1B9554A20061EB13 /* Build configuration list for PBXProject "hybird" */;
			compatibilityVersion = "Xcode 3.2";
			developmentRegion = English;
			hasScannedForEncodings = 0;
			knownRegions = (
				en,
			);
			mainGroup = 20ABBD791B9554A20061EB13;
			productRefGroup = 20ABBD831B9554A20061EB13 /* Products */;
			projectDirPath = "";
			projectRoot = "";
			targets = (
				20ABBD811B9554A20061EB13 /* hybird */,
				20ABBD8C1B9554A30061EB13 /* hybirdTests */,
			);
		};
/* End PBXProject section */

/* Begin PBXResourcesBuildPhase section */
		20ABBD8B1B9554A30061EB13 /* Resources */ = {
			isa = PBXResourcesBuildPhase;
			buildActionMask = 2147483647;
			files = (
			);
			runOnlyForDeploymentPostprocessing = 0;
		};
/* End PBXResourcesBuildPhase section */

/* Begin PBXSourcesBuildPhase section */
		20ABBD7E1B9554A20061EB13 /* Sources */ = {
			isa = PBXSourcesBuildPhase;
			buildActionMask = 2147483647;
			files = (
				20ABBD881B9554A20061EB13 /* hybird.m in Sources */,
			);
			runOnlyForDeploymentPostprocessing = 0;
		};
		20ABBD891B9554A30061EB13 /* Sources */ = {
			isa = PBXSourcesBuildPhase;
			buildActionMask = 2147483647;
			files = (
			);
			runOnlyForDeploymentPostprocessing = 0;
		};
/* End PBXSourcesBuildPhase section */

/* Begin PBXTargetDependency section */
		20ABBD901B9554A30061EB13 /* PBXTargetDependency */ = {
			isa = PBXTargetDependency;
			target = 20ABBD811B9554A20061EB13 /* hybird */;
			targetProxy = 20ABBD8F1B9554A30061EB13 /* PBXContainerItemProxy */;
		};
/* End PBXTargetDependency section */

/* Begin XCBuildConfiguration section */
		20ABBD941B9554A30061EB13 /* Debug */ = {
			isa = XCBuildConfiguration;
			buildSettings = {
				ALWAYS_SEARCH_USER_PATHS = NO;
				CLANG_CXX_LANGUAGE_STANDARD = "gnu++0x";
				CLANG_CXX_LIBRARY = "libc++";
				CLANG_ENABLE_MODULES = YES;
				CLANG_ENABLE_OBJC_ARC = YES;
				CLANG_WARN_BOOL_CONVERSION = YES;
				CLANG_WARN_CONSTANT_CONVERSION = YES;
				CLANG_WARN_DIRECT_OBJC_ISA_USAGE = YES_ERROR;
				CLANG_WARN_EMPTY_BODY = YES;
				CLANG_WARN_ENUM_CONVERSION = YES;
				CLANG_WARN_INT_CONVERSION = YES;
				CLANG_WARN_OBJC_ROOT_CLASS = YES_ERROR;
				CLANG_WARN_UNREACHABLE_CODE = YES;
				CLANG_WARN__DUPLICATE_METHOD_MATCH = YES;
				COPY_PHASE_STRIP = NO;
				DEBUG_INFORMATION_FORMAT = "dwarf-with-dsym";
				ENABLE_STRICT_OBJC_MSGSEND = YES;
				GCC_C_LANGUAGE_STANDARD = gnu99;
				GCC_DYNAMIC_NO_PIC = NO;
				GCC_NO_COMMON_BLOCKS = YES;
				GCC_OPTIMIZATION_LEVEL = 0;
				GCC_PREPROCESSOR_DEFINITIONS = (
					"DEBUG=1",
					"$(inherited)",
				);
				GCC_SYMBOLS_PRIVATE_EXTERN = NO;
				GCC_WARN_64_TO_32_BIT_CONVERSION = YES;
				GCC_WARN_ABOUT_RETURN_TYPE = YES_ERROR;
				GCC_WARN_UNDECLARED_SELECTOR = YES;
				GCC_WARN_UNINITIALIZED_AUTOS = YES_AGGRESSIVE;
				GCC_WARN_UNUSED_FUNCTION = YES;
				GCC_WARN_UNUSED_VARIABLE = YES;
				IPHONEOS_DEPLOYMENT_TARGET = 8.3;
				MTL_ENABLE_DEBUG_INFO = YES;
				ONLY_ACTIVE_ARCH = YES;
				SDKROOT = iphoneos;
			};
			name = Debug;
		};
		20ABBD951B9554A30061EB13 /* Release */ = {
			isa = XCBuildConfiguration;
			buildSettings = {
				ALWAYS_SEARCH_USER_PATHS = NO;
				CLANG_CXX_LANGUAGE_STANDARD = "gnu++0x";
				CLANG_CXX_LIBRARY = "libc++";
				CLANG_ENABLE_MODULES = YES;
				CLANG_ENABLE_OBJC_ARC = YES;
				CLANG_WARN_BOOL_CONVERSION = YES;
				CLANG_WARN_CONSTANT_CONVERSION = YES;
				CLANG_WARN_DIRECT_OBJC_ISA_USAGE = YES_ERROR;
				CLANG_WARN_EMPTY_BODY = YES;
				CLANG_WARN_ENUM_CONVERSION = YES;
				CLANG_WARN_INT_CONVERSION = YES;
				CLANG_WARN_OBJC_ROOT_CLASS = YES_ERROR;
				CLANG_WARN_UNREACHABLE_CODE = YES;
				CLANG_WARN__DUPLICATE_METHOD_MATCH = YES;
				COPY_PHASE_STRIP = NO;
				DEBUG_INFORMATION_FORMAT = "dwarf-with-dsym";
				ENABLE_NS_ASSERTIONS = NO;
				ENABLE_STRICT_OBJC_MSGSEND = YES;
				GCC_C_LANGUAGE_STANDARD = gnu99;
				GCC_NO_COMMON_BLOCKS = YES;
				GCC_WARN_64_TO_32_BIT_CONVERSION = YES;
				GCC_WARN_ABOUT_RETURN_TYPE = YES_ERROR;
				GCC_WARN_UNDECLARED_SELECTOR = YES;
				GCC_WARN_UNINITIALIZED_AUTOS = YES_AGGRESSIVE;
				GCC_WARN_UNUSED_FUNCTION = YES;
				GCC_WARN_UNUSED_VARIABLE = YES;
				IPHONEOS_DEPLOYMENT_TARGET = 8.3;
				MTL_ENABLE_DEBUG_INFO = NO;
				SDKROOT = iphoneos;
				VALIDATE_PRODUCT = YES;
			};
			name = Release;
		};
		20ABBD971B9554A30061EB13 /* Debug */ = {
			isa = XCBuildConfiguration;
			buildSettings = {
				OTHER_LDFLAGS = "-ObjC";
				PRODUCT_NAME = "$(TARGET_NAME)";
				SKIP_INSTALL = YES;
			};
			name = Debug;
		};
		20ABBD981B9554A30061EB13 /* Release */ = {
			isa = XCBuildConfiguration;
			buildSettings = {
				OTHER_LDFLAGS = "-ObjC";
				PRODUCT_NAME = "$(TARGET_NAME)";
				SKIP_INSTALL = YES;
			};
			name = Release;
		};
		20ABBD9A1B9554A30061EB13 /* Debug */ = {
			isa = XCBuildConfiguration;
			buildSettings = {
				"CODE_SIGN_IDENTITY[sdk=iphoneos*]" = "iPhone Developer";
				FRAMEWORK_SEARCH_PATHS = (
					"$(SDKROOT)/Developer/Library/Frameworks",
					"$(inherited)",
				);
				GCC_PREPROCESSOR_DEFINITIONS = (
					"DEBUG=1",
					"$(inherited)",
				);
				INFOPLIST_FILE = hybirdTests/Info.plist;
				LD_RUNPATH_SEARCH_PATHS = "$(inherited) @executable_path/Frameworks @loader_path/Frameworks";
				PRODUCT_NAME = "$(TARGET_NAME)";
			};
			name = Debug;
		};
		20ABBD9B1B9554A30061EB13 /* Release */ = {
			isa = XCBuildConfiguration;
			buildSettings = {
				"CODE_SIGN_IDENTITY[sdk=iphoneos*]" = "iPhone Developer";
				FRAMEWORK_SEARCH_PATHS = (
					"$(SDKROOT)/Developer/Library/Frameworks",
					"$(inherited)",
				);
				INFOPLIST_FILE = hybirdTests/Info.plist;
				LD_RUNPATH_SEARCH_PATHS = "$(inherited) @executable_path/Frameworks @loader_path/Frameworks";
				PRODUCT_NAME = "$(TARGET_NAME)";
			};
			name = Release;
		};
/* End XCBuildConfiguration section */

/* Begin XCConfigurationList section */
		20ABBD7D1B9554A20061EB13 /* Build configuration list for PBXProject "hybird" */ = {
			isa = XCConfigurationList;
			buildConfigurations = (
				20ABBD941B9554A30061EB13 /* Debug */,
				20ABBD951B9554A30061EB13 /* Release */,
			);
			defaultConfigurationIsVisible = 0;
			defaultConfigurationName = Release;
		};
		20ABBD961B9554A30061EB13 /* Build configuration list for PBXNativeTarget "hybird" */ = {
			isa = XCConfigurationList;
			buildConfigurations = (
				20ABBD971B9554A30061EB13 /* Debug */,
				20ABBD981B9554A30061EB13 /* Release */,
			);
			defaultConfigurationIsVisible = 0;
		};
		20ABBD991B9554A30061EB13 /* Build configuration list for PBXNativeTarget "hybirdTests" */ = {
			isa = XCConfigurationList;
			buildConfigurations = (
				20ABBD9A1B9554A30061EB13 /* Debug */,
				20ABBD9B1B9554A30061EB13 /* Release */,
			);
			defaultConfigurationIsVisible = 0;
		};
/* End XCConfigurationList section */
	};
	rootObject = 20ABBD7A1B9554A20061EB13 /* Project object */;
}
